
Microsoft Visual Studio Solution File, Format Version 12.00
# Visual Studio Version 16
VisualStudioVersion = 16.0.29806.167
MinimumVisualStudioVersion = 10.0.40219.1
Project("{FAE04EC0-301F-11D3-BF4B-00C04F79EFBC}") = "TP_Lab3_1", "TP_Lab3_1\TP_Lab3_1.csproj", "{C37C97E2-2730-4839-8CD8-3E9F69CB4C52}"
EndProject
Project("{FAE04EC0-301F-11D3-BF4B-00C04F79EFBC}") = "TP_Lab3_1_Test", "TP_Lab3_1_Test\TP_Lab3_1_Test.csproj", "{FAB82241-F752-41D1-BF1C-F642B0EFFAE0}"
EndProject
Global
	GlobalSection(SolutionConfigurationPlatforms) = preSolution
		Debug|Any CPU = Debug|Any CPU
		Release|Any CPU = Release|Any CPU
	EndGlobalSection
	GlobalSection(ProjectConfigurationPlatforms) = postSolution
		{C37C97E2-2730-4839-8CD8-3E9F69CB4C52}.Debug|Any CPU.ActiveCfg = Debug|Any CPU
		{C37C97E2-2730-4839-8CD8-3E9F69CB4C52}.Debug|Any CPU.Build.0 = Debug|Any CPU
		{C37C97E2-2730-4839-8CD8-3E9F69CB4C52}.Release|Any CPU.ActiveCfg = Release|Any CPU
		{C37C97E2-2730-4839-8CD8-3E9F69CB4C52}.Release|Any CPU.Build.0 = Release|Any CPU
		{FAB82241-F752-41D1-BF1C-F642B0EFFAE0}.Debug|Any CPU.ActiveCfg = Debug|Any CPU
		{FAB82241-F752-41D1-BF1C-F642B0EFFAE0}.Debug|Any CPU.Build.0 = Debug|Any CPU
		{FAB82241-F752-41D1-BF1C-F642B0EFFAE0}.Release|Any CPU.ActiveCfg = Release|Any CPU
		{FAB82241-F752-41D1-BF1C-F642B0EFFAE0}.Release|Any CPU.Build.0 = Release|Any CPU
	EndGlobalSection
	GlobalSection(SolutionProperties) = preSolution
		HideSolutionNode = FALSE
	EndGlobalSection
	GlobalSection(ExtensibilityGlobals) = postSolution
		SolutionGuid = {5A530822-F17C-40AE-843B-2411EEE0CBC5}
	EndGlobalSection
EndGlobal
