
Microsoft Visual Studio Solution File, Format Version 12.00
# Visual Studio Version 16
VisualStudioVersion = 16.0.29911.84
MinimumVisualStudioVersion = 10.0.40219.1
Project("{FAE04EC0-301F-11D3-BF4B-00C04F79EFBC}") = "Selenium_WebTesting", "Selenium_WebTesting\Selenium_WebTesting.csproj", "{9181ED7E-7F28-49F7-A909-72966C53B96B}"
EndProject
Project("{FAE04EC0-301F-11D3-BF4B-00C04F79EFBC}") = "Selenium_WebTesting.Tests", "Selenium_WebTesting.Tests\Selenium_WebTesting.Tests.csproj", "{6E4295C6-46AC-4740-B68D-746108FBB8DE}"
EndProject
Global
	GlobalSection(SolutionConfigurationPlatforms) = preSolution
		Debug|Any CPU = Debug|Any CPU
		Release|Any CPU = Release|Any CPU
	EndGlobalSection
	GlobalSection(ProjectConfigurationPlatforms) = postSolution
		{9181ED7E-7F28-49F7-A909-72966C53B96B}.Debug|Any CPU.ActiveCfg = Debug|Any CPU
		{9181ED7E-7F28-49F7-A909-72966C53B96B}.Debug|Any CPU.Build.0 = Debug|Any CPU
		{9181ED7E-7F28-49F7-A909-72966C53B96B}.Release|Any CPU.ActiveCfg = Release|Any CPU
		{9181ED7E-7F28-49F7-A909-72966C53B96B}.Release|Any CPU.Build.0 = Release|Any CPU
		{6E4295C6-46AC-4740-B68D-746108FBB8DE}.Debug|Any CPU.ActiveCfg = Debug|Any CPU
		{6E4295C6-46AC-4740-B68D-746108FBB8DE}.Debug|Any CPU.Build.0 = Debug|Any CPU
		{6E4295C6-46AC-4740-B68D-746108FBB8DE}.Release|Any CPU.ActiveCfg = Release|Any CPU
		{6E4295C6-46AC-4740-B68D-746108FBB8DE}.Release|Any CPU.Build.0 = Release|Any CPU
	EndGlobalSection
	GlobalSection(SolutionProperties) = preSolution
		HideSolutionNode = FALSE
	EndGlobalSection
	GlobalSection(ExtensibilityGlobals) = postSolution
		SolutionGuid = {D854D32F-8BE1-49E5-B7D6-DFE49B5843DC}
	EndGlobalSection
EndGlobal
